
Microsoft Visual Studio Solution File, Format Version 12.00
# Visual Studio 15
VisualStudioVersion = 15.0.28010.2036
MinimumVisualStudioVersion = 10.0.40219.1
Project("{9A19103F-16F7-4668-BE54-9A1E7A4F7556}") = "WarmupApiTest", "WarmupApiTest\WarmupApiTest.csproj", "{16369F1A-5953-4549-911A-661A426B8B46}"
EndProject
Project("{E53339B2-1760-4266-BCC7-CA923CBCF16C}") = "docker-compose", "docker-compose.dcproj", "{831EE383-007F-4B29-8CCA-81B6A7BDE357}"
EndProject
Project("{2150E333-8FDC-42A3-9474-1A3956D46DE8}") = "warmup", "warmup", "{DFF35412-A7C1-4856-B929-2BF326791124}"
	ProjectSection(SolutionItems) = preProject
		warmup\Dockerfile = warmup\Dockerfile
		warmup\wait-for-it.sh = warmup\wait-for-it.sh
		warmup\wait-for.sh = warmup\wait-for.sh
		warmup\wait.sh = warmup\wait.sh
		warmup\warmup.sh = warmup\warmup.sh
	EndProjectSection
EndProject
Project("{9A19103F-16F7-4668-BE54-9A1E7A4F7556}") = "ExtraApi", "ExtraApi\ExtraApi.csproj", "{109281F8-1AC0-443D-A0B8-1FD09EA7BBE6}"
EndProject
Global
	GlobalSection(SolutionConfigurationPlatforms) = preSolution
		Debug|Any CPU = Debug|Any CPU
		Release|Any CPU = Release|Any CPU
	EndGlobalSection
	GlobalSection(ProjectConfigurationPlatforms) = postSolution
		{16369F1A-5953-4549-911A-661A426B8B46}.Debug|Any CPU.ActiveCfg = Debug|Any CPU
		{16369F1A-5953-4549-911A-661A426B8B46}.Debug|Any CPU.Build.0 = Debug|Any CPU
		{16369F1A-5953-4549-911A-661A426B8B46}.Release|Any CPU.ActiveCfg = Release|Any CPU
		{16369F1A-5953-4549-911A-661A426B8B46}.Release|Any CPU.Build.0 = Release|Any CPU
		{831EE383-007F-4B29-8CCA-81B6A7BDE357}.Debug|Any CPU.ActiveCfg = Debug|Any CPU
		{831EE383-007F-4B29-8CCA-81B6A7BDE357}.Debug|Any CPU.Build.0 = Debug|Any CPU
		{831EE383-007F-4B29-8CCA-81B6A7BDE357}.Release|Any CPU.ActiveCfg = Release|Any CPU
		{831EE383-007F-4B29-8CCA-81B6A7BDE357}.Release|Any CPU.Build.0 = Release|Any CPU
		{109281F8-1AC0-443D-A0B8-1FD09EA7BBE6}.Debug|Any CPU.ActiveCfg = Debug|Any CPU
		{109281F8-1AC0-443D-A0B8-1FD09EA7BBE6}.Debug|Any CPU.Build.0 = Debug|Any CPU
		{109281F8-1AC0-443D-A0B8-1FD09EA7BBE6}.Release|Any CPU.ActiveCfg = Release|Any CPU
		{109281F8-1AC0-443D-A0B8-1FD09EA7BBE6}.Release|Any CPU.Build.0 = Release|Any CPU
	EndGlobalSection
	GlobalSection(SolutionProperties) = preSolution
		HideSolutionNode = FALSE
	EndGlobalSection
	GlobalSection(ExtensibilityGlobals) = postSolution
		SolutionGuid = {98DA1B7B-1C85-43EF-BC39-F140D4750D48}
	EndGlobalSection
EndGlobal
